
Microsoft Visual Studio Solution File, Format Version 12.00
# Visual Studio Version 16
VisualStudioVersion = 16.0.30907.101
MinimumVisualStudioVersion = 10.0.40219.1
Project("{2150E333-8FDC-42A3-9474-1A3956D46DE8}") = "src", "src", "{9C0239BE-9715-402A-B4A3-147E87EF1000}"
EndProject
Project("{2150E333-8FDC-42A3-9474-1A3956D46DE8}") = "tests", "tests", "{22C598B5-36BB-4344-AB47-F9E3D8917EC3}"
EndProject
Project("{2150E333-8FDC-42A3-9474-1A3956D46DE8}") = "samples", "samples", "{A81617F5-F116-412A-AC1A-C49F0A53A079}"
EndProject
Project("{9A19103F-16F7-4668-BE54-9A1E7A4F7556}") = "RoixApp.Wpf", "samples\RoixApp.Wpf\RoixApp.Wpf.csproj", "{7B1ED377-5E18-49EE-BD37-B2AE1872314B}"
EndProject
Project("{9A19103F-16F7-4668-BE54-9A1E7A4F7556}") = "Roix.Core.Tests", "tests\Roix.Core.Tests\Roix.Core.Tests.csproj", "{E1248AB4-C555-4808-A46E-09A61D7AADEE}"
EndProject
Project("{9A19103F-16F7-4668-BE54-9A1E7A4F7556}") = "Roix.Core", "src\Roix.Core\Roix.Core.csproj", "{98A2834B-2967-4029-A7CD-6AB3E26F9116}"
EndProject
Project("{9A19103F-16F7-4668-BE54-9A1E7A4F7556}") = "Roix.Platform.WPF", "src\Roix.Platform.WPF\Roix.Platform.WPF.csproj", "{0EA27B41-0DA6-4523-843A-5F6C560CB3B0}"
EndProject
Project("{9A19103F-16F7-4668-BE54-9A1E7A4F7556}") = "Roix.WPF.Tests", "tests\Roix.WPF.Tests\Roix.WPF.Tests.csproj", "{42262BD4-C671-4700-8E16-121FA5ACB4F8}"
EndProject
Project("{FAE04EC0-301F-11D3-BF4B-00C04F79EFBC}") = "Roix.SourceGenerator", "src\Roix.SourceGenerator\Roix.SourceGenerator.csproj", "{AF6D18F1-6248-430C-B01F-DDDF32C5ADCE}"
EndProject
Global
	GlobalSection(SolutionConfigurationPlatforms) = preSolution
		Debug|Any CPU = Debug|Any CPU
		Release|Any CPU = Release|Any CPU
	EndGlobalSection
	GlobalSection(ProjectConfigurationPlatforms) = postSolution
		{7B1ED377-5E18-49EE-BD37-B2AE1872314B}.Debug|Any CPU.ActiveCfg = Debug|Any CPU
		{7B1ED377-5E18-49EE-BD37-B2AE1872314B}.Debug|Any CPU.Build.0 = Debug|Any CPU
		{7B1ED377-5E18-49EE-BD37-B2AE1872314B}.Release|Any CPU.ActiveCfg = Release|Any CPU
		{7B1ED377-5E18-49EE-BD37-B2AE1872314B}.Release|Any CPU.Build.0 = Release|Any CPU
		{E1248AB4-C555-4808-A46E-09A61D7AADEE}.Debug|Any CPU.ActiveCfg = Debug|Any CPU
		{E1248AB4-C555-4808-A46E-09A61D7AADEE}.Debug|Any CPU.Build.0 = Debug|Any CPU
		{E1248AB4-C555-4808-A46E-09A61D7AADEE}.Release|Any CPU.ActiveCfg = Release|Any CPU
		{E1248AB4-C555-4808-A46E-09A61D7AADEE}.Release|Any CPU.Build.0 = Release|Any CPU
		{98A2834B-2967-4029-A7CD-6AB3E26F9116}.Debug|Any CPU.ActiveCfg = Debug|Any CPU
		{98A2834B-2967-4029-A7CD-6AB3E26F9116}.Debug|Any CPU.Build.0 = Debug|Any CPU
		{98A2834B-2967-4029-A7CD-6AB3E26F9116}.Release|Any CPU.ActiveCfg = Release|Any CPU
		{98A2834B-2967-4029-A7CD-6AB3E26F9116}.Release|Any CPU.Build.0 = Release|Any CPU
		{0EA27B41-0DA6-4523-843A-5F6C560CB3B0}.Debug|Any CPU.ActiveCfg = Debug|Any CPU
		{0EA27B41-0DA6-4523-843A-5F6C560CB3B0}.Debug|Any CPU.Build.0 = Debug|Any CPU
		{0EA27B41-0DA6-4523-843A-5F6C560CB3B0}.Release|Any CPU.ActiveCfg = Release|Any CPU
		{0EA27B41-0DA6-4523-843A-5F6C560CB3B0}.Release|Any CPU.Build.0 = Release|Any CPU
		{42262BD4-C671-4700-8E16-121FA5ACB4F8}.Debug|Any CPU.ActiveCfg = Debug|Any CPU
		{42262BD4-C671-4700-8E16-121FA5ACB4F8}.Debug|Any CPU.Build.0 = Debug|Any CPU
		{42262BD4-C671-4700-8E16-121FA5ACB4F8}.Release|Any CPU.ActiveCfg = Release|Any CPU
		{42262BD4-C671-4700-8E16-121FA5ACB4F8}.Release|Any CPU.Build.0 = Release|Any CPU
		{AF6D18F1-6248-430C-B01F-DDDF32C5ADCE}.Debug|Any CPU.ActiveCfg = Debug|Any CPU
		{AF6D18F1-6248-430C-B01F-DDDF32C5ADCE}.Debug|Any CPU.Build.0 = Debug|Any CPU
		{AF6D18F1-6248-430C-B01F-DDDF32C5ADCE}.Release|Any CPU.ActiveCfg = Release|Any CPU
		{AF6D18F1-6248-430C-B01F-DDDF32C5ADCE}.Release|Any CPU.Build.0 = Release|Any CPU
	EndGlobalSection
	GlobalSection(SolutionProperties) = preSolution
		HideSolutionNode = FALSE
	EndGlobalSection
	GlobalSection(NestedProjects) = preSolution
		{7B1ED377-5E18-49EE-BD37-B2AE1872314B} = {A81617F5-F116-412A-AC1A-C49F0A53A079}
		{E1248AB4-C555-4808-A46E-09A61D7AADEE} = {22C598B5-36BB-4344-AB47-F9E3D8917EC3}
		{98A2834B-2967-4029-A7CD-6AB3E26F9116} = {9C0239BE-9715-402A-B4A3-147E87EF1000}
		{0EA27B41-0DA6-4523-843A-5F6C560CB3B0} = {9C0239BE-9715-402A-B4A3-147E87EF1000}
		{42262BD4-C671-4700-8E16-121FA5ACB4F8} = {22C598B5-36BB-4344-AB47-F9E3D8917EC3}
		{AF6D18F1-6248-430C-B01F-DDDF32C5ADCE} = {9C0239BE-9715-402A-B4A3-147E87EF1000}
	EndGlobalSection
	GlobalSection(ExtensibilityGlobals) = postSolution
		SolutionGuid = {2DB419FA-ED60-46A4-8280-D410FE4EAC1D}
	EndGlobalSection
EndGlobal
